
Microsoft Visual Studio Solution File, Format Version 12.00
# Visual Studio 2012
Project("{FAE04EC0-301F-11D3-BF4B-00C04F79EFBC}") = "ConsoleApplication2", "ConsoleApplication2\ConsoleApplication2.csproj", "{F31DD466-774F-490D-9A57-6D62A7FFB2C0}"
EndProject
Project("{FAE04EC0-301F-11D3-BF4B-00C04F79EFBC}") = "FizzBuzz", "FizzBuzz\FizzBuzz.csproj", "{14788ABC-2CC6-4C95-A966-07F39E15FC64}"
EndProject
Global
	GlobalSection(SolutionConfigurationPlatforms) = preSolution
		Debug|Any CPU = Debug|Any CPU
		Release|Any CPU = Release|Any CPU
	EndGlobalSection
	GlobalSection(ProjectConfigurationPlatforms) = postSolution
		{F31DD466-774F-490D-9A57-6D62A7FFB2C0}.Debug|Any CPU.ActiveCfg = Debug|Any CPU
		{F31DD466-774F-490D-9A57-6D62A7FFB2C0}.Debug|Any CPU.Build.0 = Debug|Any CPU
		{F31DD466-774F-490D-9A57-6D62A7FFB2C0}.Release|Any CPU.ActiveCfg = Release|Any CPU
		{F31DD466-774F-490D-9A57-6D62A7FFB2C0}.Release|Any CPU.Build.0 = Release|Any CPU
		{14788ABC-2CC6-4C95-A966-07F39E15FC64}.Debug|Any CPU.ActiveCfg = Debug|Any CPU
		{14788ABC-2CC6-4C95-A966-07F39E15FC64}.Debug|Any CPU.Build.0 = Debug|Any CPU
		{14788ABC-2CC6-4C95-A966-07F39E15FC64}.Release|Any CPU.ActiveCfg = Release|Any CPU
		{14788ABC-2CC6-4C95-A966-07F39E15FC64}.Release|Any CPU.Build.0 = Release|Any CPU
	EndGlobalSection
	GlobalSection(SolutionProperties) = preSolution
		HideSolutionNode = FALSE
	EndGlobalSection
EndGlobal
